# THIS IS AN AUTOGENERATED FILE. DO NOT EDIT THIS FILE DIRECTLY.
# yarn lockfile v1


chartjs:
  version "0.3.24"
  resolved "https://registry.yarnpkg.com/chartjs/-/chartjs-0.3.24.tgz#3addeb5ae3606b3e89e346c27d52ca158416e93d"

echarts@^5.2.1:
  version "5.2.1"
  resolved "https://registry.yarnpkg.com/echarts/-/echarts-5.2.1.tgz#bd58ec011cd82def4a714e4038ef4b73b8417bc3"
  integrity sha512-OJ79b22eqRfbSV8vYmDKmA+XWfNbr0Uk/OafWcFNIGDWti2Uw9A6eVCiJLmqPa9Sk+EWL+t5v26aak0z3gxiZw==
  dependencies:
    tslib "2.3.0"
    zrender "5.2.1"

highcharts:
  version "5.0.6"
  resolved "https://registry.yarnpkg.com/highcharts/-/highcharts-5.0.6.tgz#9fba0fbd38c34cca23ffffa8898d39eb23fd35ba"

nvd3:
  version "1.8.5"
  resolved "https://registry.yarnpkg.com/nvd3/-/nvd3-1.8.5.tgz#94a0c98ff1c3366b721fa7a8705b3c6e9eaf6bb6"

tslib@2.3.0:
  version "2.3.0"
  resolved "https://registry.yarnpkg.com/tslib/-/tslib-2.3.0.tgz#803b8cdab3e12ba581a4ca41c8839bbb0dacb09e"
  integrity sha512-N82ooyxVNm6h1riLCoyS9e3fuJ3AMG2zIZs2Gd1ATcSFjSA23Q0fzjjZeh0jbJvWVDZ0cJT8yaNNaaXHzueNjg==

zrender@5.2.1:
  version "5.2.1"
  resolved "https://registry.yarnpkg.com/zrender/-/zrender-5.2.1.tgz#5f4bbda915ba6d412b0b19dc2431beaad05417bb"
  integrity sha512-M3bPGZuyLTNBC6LiNKXJwSCtglMp8XUEqEBG+2MdICDI3d1s500Y4P0CzldQGsqpRVB7fkvf3BKQQRxsEaTlsw==
  dependencies:
    tslib "2.3.0"
