# THIS IS AN AUTOGENERATED FILE. DO NOT EDIT THIS FILE DIRECTLY.
# yarn lockfile v1
echarts:
  version "3.3.2"
  resolved "https://registry.yarnpkg.com/echarts/-/echarts-3.3.2.tgz#06f42a47d213248d45fe585719ec8940fdc610aa"
  dependencies:
    zrender "^3.2.1"

zrender@^3.2.1:
  version "3.2.2"
  resolved "https://registry.yarnpkg.com/zrender/-/zrender-3.2.2.tgz#b33d250456859944a48c4f3550986168a0952ec5"

